github.com/anssihalmeaho/funl v0.0.0-20201006153242-89d44f35b7fd/go.mod h1:CxdkogO1mxJmSy6xgenp7R5W23gKBdouhJh9xI2c31Q=
github.com/anssihalmeaho/funl v0.0.0-20201127140357-4b42efe6d33b h1:VwcQq3LHmO8gS20T9V7ssW7ayeeRi/G4RnhwX0s9/oY=
github.com/anssihalmeaho/funl v0.0.0-20201127140357-4b42efe6d33b/go.mod h1:CxdkogO1mxJmSy6xgenp7R5W23gKBdouhJh9xI2c31Q=
github.com/anssihalmeaho/fuvaluez v0.0.0-20201129152457-4f8d07ab9632 h1:XsXmUR0IsBy5kHmbtYBo3tBx/8iRm5vcK+CKVUMFUoE=
github.com/anssihalmeaho/fuvaluez v0.0.0-20201129152457-4f8d07ab9632/go.mod h1:iKcKpdT/QjxMGV70CNbMKaA7fFY9LdT9wqv4yrSgLU0=
go.etcd.io/bbolt v1.3.5 h1:XAzx9gjCb0Rxj7EoqcClPD1d5ZBxZJk0jbuoPHenBt0=
go.etcd.io/bbolt v1.3.5/go.mod h1:G5EMThwa9y8QZGBClrRx5EY+Yw9kAhnjy3bSjsnlVTQ=
golang.org/x/sys v0.0.0-20200202164722-d101bd2416d5/go.mod h1:h1NjWce9XRLGQEsW7wpKNCjG9DtNlClVuFLEZdDNbEs=
